
Microsoft Visual Studio Solution File, Format Version 12.00
# Visual Studio Version 16
VisualStudioVersion = 16.0.29806.167
MinimumVisualStudioVersion = 10.0.40219.1
Project("{FAE04EC0-301F-11D3-BF4B-00C04F79EFBC}") = "DateDim", "DateDim\DateDim.csproj", "{465F4B10-B872-4F5C-9D95-D096A903B98D}"
EndProject
Global
	GlobalSection(SolutionConfigurationPlatforms) = preSolution
		Debug|Any CPU = Debug|Any CPU
		Release|Any CPU = Release|Any CPU
	EndGlobalSection
	GlobalSection(ProjectConfigurationPlatforms) = postSolution
		{465F4B10-B872-4F5C-9D95-D096A903B98D}.Debug|Any CPU.ActiveCfg = Debug|Any CPU
		{465F4B10-B872-4F5C-9D95-D096A903B98D}.Debug|Any CPU.Build.0 = Debug|Any CPU
		{465F4B10-B872-4F5C-9D95-D096A903B98D}.Release|Any CPU.ActiveCfg = Release|Any CPU
		{465F4B10-B872-4F5C-9D95-D096A903B98D}.Release|Any CPU.Build.0 = Release|Any CPU
	EndGlobalSection
	GlobalSection(SolutionProperties) = preSolution
		HideSolutionNode = FALSE
	EndGlobalSection
	GlobalSection(ExtensibilityGlobals) = postSolution
		SolutionGuid = {0398DA10-3B1A-4483-BFFD-95825D35A72D}
	EndGlobalSection
EndGlobal
